
Microsoft Visual Studio Solution File, Format Version 12.00
# Visual Studio Version 17
VisualStudioVersion = 17.9.34714.143
MinimumVisualStudioVersion = 10.0.40219.1
Project("{9A19103F-16F7-4668-BE54-9A1E7A4F7556}") = "Domain", "Domain\Domain.csproj", "{29D40C36-E399-493D-BB69-E3B26A9F7F53}"
EndProject
Project("{9A19103F-16F7-4668-BE54-9A1E7A4F7556}") = "Application", "Application\Application.csproj", "{6516C6FB-431A-4874-B90A-14D0AC4A69AF}"
EndProject
Project("{9A19103F-16F7-4668-BE54-9A1E7A4F7556}") = "Infrastructure", "Infrastructure\Infrastructure.csproj", "{78865D4C-0F46-445E-8698-9CE2A099B76F}"
EndProject
Project("{9A19103F-16F7-4668-BE54-9A1E7A4F7556}") = "AdminPanel", "AdminPanel\AdminPanel.csproj", "{857C8052-8956-4749-BED0-ABD0C9B5B4C5}"
EndProject
Project("{9A19103F-16F7-4668-BE54-9A1E7A4F7556}") = "WebAPI", "WebAPI\WebAPI.csproj", "{CD0A3F5F-1150-48C0-9659-F768B408A4F3}"
EndProject
Global
	GlobalSection(SolutionConfigurationPlatforms) = preSolution
		Debug|Any CPU = Debug|Any CPU
		Release|Any CPU = Release|Any CPU
	EndGlobalSection
	GlobalSection(ProjectConfigurationPlatforms) = postSolution
		{29D40C36-E399-493D-BB69-E3B26A9F7F53}.Debug|Any CPU.ActiveCfg = Debug|Any CPU
		{29D40C36-E399-493D-BB69-E3B26A9F7F53}.Debug|Any CPU.Build.0 = Debug|Any CPU
		{29D40C36-E399-493D-BB69-E3B26A9F7F53}.Release|Any CPU.ActiveCfg = Release|Any CPU
		{29D40C36-E399-493D-BB69-E3B26A9F7F53}.Release|Any CPU.Build.0 = Release|Any CPU
		{6516C6FB-431A-4874-B90A-14D0AC4A69AF}.Debug|Any CPU.ActiveCfg = Debug|Any CPU
		{6516C6FB-431A-4874-B90A-14D0AC4A69AF}.Debug|Any CPU.Build.0 = Debug|Any CPU
		{6516C6FB-431A-4874-B90A-14D0AC4A69AF}.Release|Any CPU.ActiveCfg = Release|Any CPU
		{6516C6FB-431A-4874-B90A-14D0AC4A69AF}.Release|Any CPU.Build.0 = Release|Any CPU
		{78865D4C-0F46-445E-8698-9CE2A099B76F}.Debug|Any CPU.ActiveCfg = Debug|Any CPU
		{78865D4C-0F46-445E-8698-9CE2A099B76F}.Debug|Any CPU.Build.0 = Debug|Any CPU
		{78865D4C-0F46-445E-8698-9CE2A099B76F}.Release|Any CPU.ActiveCfg = Release|Any CPU
		{78865D4C-0F46-445E-8698-9CE2A099B76F}.Release|Any CPU.Build.0 = Release|Any CPU
		{857C8052-8956-4749-BED0-ABD0C9B5B4C5}.Debug|Any CPU.ActiveCfg = Debug|Any CPU
		{857C8052-8956-4749-BED0-ABD0C9B5B4C5}.Debug|Any CPU.Build.0 = Debug|Any CPU
		{857C8052-8956-4749-BED0-ABD0C9B5B4C5}.Release|Any CPU.ActiveCfg = Release|Any CPU
		{857C8052-8956-4749-BED0-ABD0C9B5B4C5}.Release|Any CPU.Build.0 = Release|Any CPU
		{CD0A3F5F-1150-48C0-9659-F768B408A4F3}.Debug|Any CPU.ActiveCfg = Debug|Any CPU
		{CD0A3F5F-1150-48C0-9659-F768B408A4F3}.Debug|Any CPU.Build.0 = Debug|Any CPU
		{CD0A3F5F-1150-48C0-9659-F768B408A4F3}.Release|Any CPU.ActiveCfg = Release|Any CPU
		{CD0A3F5F-1150-48C0-9659-F768B408A4F3}.Release|Any CPU.Build.0 = Release|Any CPU
	EndGlobalSection
	GlobalSection(SolutionProperties) = preSolution
		HideSolutionNode = FALSE
	EndGlobalSection
	GlobalSection(ExtensibilityGlobals) = postSolution
		SolutionGuid = {C0B7BB5A-0202-4DAE-A644-5047DC1C68FA}
	EndGlobalSection
EndGlobal
